# THIS IS AN AUTOGENERATED FILE. DO NOT EDIT THIS FILE DIRECTLY.
# yarn lockfile v1


"@types/async@^2.0.34", "@types/async@^2.0.38":
  version "2.0.40"
  resolved "https://registry.yarnpkg.com/@types/async/-/async-2.0.40.tgz#ac02de68e66c004a61b7cb16df8b1db3a254cca9"

"@types/bluebird@^3.0.35":
  version "3.5.2"
  resolved "https://registry.yarnpkg.com/@types/bluebird/-/bluebird-3.5.2.tgz#ecf1104217495e50fe0b588d538146cd6f733b89"

"@types/bunyan@^0.0.36":
  version "0.0.36"
  resolved "https://registry.yarnpkg.com/@types/bunyan/-/bunyan-0.0.36.tgz#fdd865c58e8eaaf0ad401cd032dc861f5c57342a"
  dependencies:
    "@types/node" "*"

"@types/chai@*", "@types/chai@^3.4.34":
  version "3.4.35"
  resolved "https://registry.yarnpkg.com/@types/chai/-/chai-3.4.35.tgz#e8d65f83492d2944f816fc620741821c28a8c900"

"@types/config@0.0.31":
  version "0.0.31"
  resolved "https://registry.yarnpkg.com/@types/config/-/config-0.0.31.tgz#34d8625b46c792625a118becc17ac3e815981b2f"

"@types/faker@^3.1.32":
  version "3.1.33"
  resolved "https://registry.yarnpkg.com/@types/faker/-/faker-3.1.33.tgz#310259ce4110d5d1c7f9073300bc1078a5b70020"

"@types/lodash@^4.14.41", "@types/lodash@^4.14.52":
  version "4.14.57"
  resolved "https://registry.yarnpkg.com/@types/lodash/-/lodash-4.14.57.tgz#f0095fb15ec1004455613f3ad73766583e62f830"

"@types/mocha@^2.2.38":
  version "2.2.40"
  resolved "https://registry.yarnpkg.com/@types/mocha/-/mocha-2.2.40.tgz#9811dd800ece544cd84b5b859917bf584a150c4c"

"@types/mongodb@^2.1.37":
  version "2.1.41"
  resolved "https://registry.yarnpkg.com/@types/mongodb/-/mongodb-2.1.41.tgz#92ea0f832b9e0269c7826fb7f899cf86fe5c4df5"
  dependencies:
    "@types/node" "*"

"@types/node@*", "@types/node@^6.0.45":
  version "6.0.66"
  resolved "https://registry.yarnpkg.com/@types/node/-/node-6.0.66.tgz#5680b74a6135d33d4c00447e7c3dc691a4601625"

"@types/rx-core-binding@*":
  version "4.0.1"
  resolved "https://registry.yarnpkg.com/@types/rx-core-binding/-/rx-core-binding-4.0.1.tgz#1061a0a1dc7d7a527690a1b39acf8c505ee3cff9"
  dependencies:
    "@types/rx-core" "*"

"@types/rx-core@*":
  version "4.0.1"
  resolved "https://registry.yarnpkg.com/@types/rx-core/-/rx-core-4.0.1.tgz#a1ef3a37a361d16c2f211ae1f1cd2de9efe10dcf"

"@types/rx-lite-aggregates@*":
  version "4.0.1"
  resolved "https://registry.yarnpkg.com/@types/rx-lite-aggregates/-/rx-lite-aggregates-4.0.1.tgz#eaf66758510a733963a2ef78dc71272e340e3f1e"
  dependencies:
    "@types/rx-lite" "*"

"@types/rx-lite-async@*":
  version "4.0.0"
  resolved "https://registry.yarnpkg.com/@types/rx-lite-async/-/rx-lite-async-4.0.0.tgz#c20d2a6dfe57a240296febbcc152fd070f6e2ee7"
  dependencies:
    "@types/rx-lite" "*"

"@types/rx-lite-backpressure@*":
  version "4.0.0"
  resolved "https://registry.yarnpkg.com/@types/rx-lite-backpressure/-/rx-lite-backpressure-4.0.0.tgz#a9e6576bc63bfaa28fcbb6ce9f2079419cbc4d45"
  dependencies:
    "@types/rx-lite" "*"

"@types/rx-lite-coincidence@*":
  version "4.0.0"
  resolved "https://registry.yarnpkg.com/@types/rx-lite-coincidence/-/rx-lite-coincidence-4.0.0.tgz#b619f856ebc4596d72be570303ed9a66b72f9561"
  dependencies:
    "@types/rx-lite" "*"

"@types/rx-lite-experimental@*":
  version "4.0.0"
  resolved "https://registry.yarnpkg.com/@types/rx-lite-experimental/-/rx-lite-experimental-4.0.0.tgz#3391bfc6f0bd698e994c958022e1a2fe316c3fb9"
  dependencies:
    "@types/rx-lite" "*"

"@types/rx-lite-joinpatterns@*":
  version "4.0.0"
  resolved "https://registry.yarnpkg.com/@types/rx-lite-joinpatterns/-/rx-lite-joinpatterns-4.0.0.tgz#1532b9319055ec97038e7ba6b70c8e883c4bcf12"
  dependencies:
    "@types/rx-lite" "*"

"@types/rx-lite-testing@*":
  version "4.0.0"
  resolved "https://registry.yarnpkg.com/@types/rx-lite-testing/-/rx-lite-testing-4.0.0.tgz#c950d641dbfc4e06359de63440604a9d82e6e979"
  dependencies:
    "@types/rx-lite-virtualtime" "*"

"@types/rx-lite-time@*":
  version "4.0.0"
  resolved "https://registry.yarnpkg.com/@types/rx-lite-time/-/rx-lite-time-4.0.0.tgz#d835941f707e09e5e7f04d49614e6e1bcd040105"
  dependencies:
    "@types/rx-lite" "*"

"@types/rx-lite-virtualtime@*":
  version "4.0.1"
  resolved "https://registry.yarnpkg.com/@types/rx-lite-virtualtime/-/rx-lite-virtualtime-4.0.1.tgz#8b4675ca0748d0810861ad4ed966a1a6794613c5"
  dependencies:
    "@types/rx-lite" "*"

"@types/rx-lite@*":
  version "4.0.2"
  resolved "https://registry.yarnpkg.com/@types/rx-lite/-/rx-lite-4.0.2.tgz#cb6012567a62888bb99a1e8118ba829e6e76c3bc"
  dependencies:
    "@types/rx-core" "*"
    "@types/rx-core-binding" "*"

"@types/rx@^4.1.1":
  version "4.1.1"
  resolved "https://registry.yarnpkg.com/@types/rx/-/rx-4.1.1.tgz#598fc94a56baed975f194574e0f572fd8e627a48"
  dependencies:
    "@types/rx-core" "*"
    "@types/rx-core-binding" "*"
    "@types/rx-lite" "*"
    "@types/rx-lite-aggregates" "*"
    "@types/rx-lite-async" "*"
    "@types/rx-lite-backpressure" "*"
    "@types/rx-lite-coincidence" "*"
    "@types/rx-lite-experimental" "*"
    "@types/rx-lite-joinpatterns" "*"
    "@types/rx-lite-testing" "*"
    "@types/rx-lite-time" "*"
    "@types/rx-lite-virtualtime" "*"

"@types/sinon-as-promised@^4.0.4":
  version "4.0.6"
  resolved "https://registry.yarnpkg.com/@types/sinon-as-promised/-/sinon-as-promised-4.0.6.tgz#400d656d1d10c24ce557e389c036f6ee797edd30"
  dependencies:
    "@types/sinon" "*"

"@types/sinon-chai@^2.7.27":
  version "2.7.27"
  resolved "https://registry.yarnpkg.com/@types/sinon-chai/-/sinon-chai-2.7.27.tgz#eb7729058ddf253a6979e559bb2b491084969aa1"
  dependencies:
    "@types/chai" "*"
    "@types/sinon" "*"

"@types/sinon@*", "@types/sinon@^1.16.31":
  version "1.16.36"
  resolved "https://registry.yarnpkg.com/@types/sinon/-/sinon-1.16.36.tgz#74bb6ed7928597c1b3fb1b009005e94dc6eae357"

agent-base@2:
  version "2.0.1"
  resolved "https://registry.yarnpkg.com/agent-base/-/agent-base-2.0.1.tgz#bd8f9e86a8eb221fffa07bd14befd55df142815e"
  dependencies:
    extend "~3.0.0"
    semver "~5.0.1"

argparse@^1.0.7:
  version "1.0.9"
  resolved "https://registry.yarnpkg.com/argparse/-/argparse-1.0.9.tgz#73d83bc263f86e97f8cc4f6bae1b0e90a7d22c86"
  dependencies:
    sprintf-js "~1.0.2"

assertion-error@^1.0.1:
  version "1.0.2"
  resolved "https://registry.yarnpkg.com/assertion-error/-/assertion-error-1.0.2.tgz#13ca515d86206da0bac66e834dd397d87581094c"

async@^0.9.0:
  version "0.9.2"
  resolved "https://registry.yarnpkg.com/async/-/async-0.9.2.tgz#aea74d5e61c1f899613bf64bda66d4c78f2fd17d"

async@^1.0.0:
  version "1.5.2"
  resolved "https://registry.yarnpkg.com/async/-/async-1.5.2.tgz#ec6a61ae56480c0c3cb241c95618e20892f9672a"

async@^2.1.4:
  version "2.1.5"
  resolved "https://registry.yarnpkg.com/async/-/async-2.1.5.tgz#e587c68580994ac67fc56ff86d3ac56bdbe810bc"
  dependencies:
    lodash "^4.14.0"

aws-sdk@2.x.x, aws-sdk@^2.7.0, aws-sdk@^2.9.0:
  version "2.32.0"
  resolved "https://registry.yarnpkg.com/aws-sdk/-/aws-sdk-2.32.0.tgz#9fe278b2ec1b12fddd1afeb74439581cdc2e5990"
  dependencies:
    buffer "4.9.1"
    crypto-browserify "1.0.9"
    jmespath "0.15.0"
    querystring "0.2.0"
    sax "1.1.5"
    url "0.10.3"
    uuid "3.0.0"
    xml2js "0.4.15"
    xmlbuilder "2.6.2"

aws4@^0.3.0:
  version "0.3.0"
  resolved "https://registry.yarnpkg.com/aws4/-/aws4-0.3.0.tgz#acb28678de00516779342ebf1876f31aaafc7fd4"
  dependencies:
    lru-cache "~2.3.1"

awscred@^1.0.3:
  version "1.2.0"
  resolved "https://registry.yarnpkg.com/awscred/-/awscred-1.2.0.tgz#9ba714a0d2feb625b848f15c62746c07aebdc3b5"

babel-runtime@6.6.1:
  version "6.6.1"
  resolved "https://registry.yarnpkg.com/babel-runtime/-/babel-runtime-6.6.1.tgz#788b94b6f634e25b91bd6c5df72d467457afb000"
  dependencies:
    core-js "^2.1.0"

backoff@~2.5.0:
  version "2.5.0"
  resolved "https://registry.yarnpkg.com/backoff/-/backoff-2.5.0.tgz#f616eda9d3e4b66b8ca7fca79f695722c5f8e26f"
  dependencies:
    precond "0.2"

balanced-match@^0.4.1:
  version "0.4.2"
  resolved "https://registry.yarnpkg.com/balanced-match/-/balanced-match-0.4.2.tgz#cb3f3e3c732dc0f01ee70b403f302e61d7709838"

base64-js@^1.0.2:
  version "1.2.0"
  resolved "https://registry.yarnpkg.com/base64-js/-/base64-js-1.2.0.tgz#a39992d723584811982be5e290bb6a53d86700f1"

bluebird@^3.4.6, bluebird@^3.4.7:
  version "3.5.0"
  resolved "https://registry.yarnpkg.com/bluebird/-/bluebird-3.5.0.tgz#791420d7f551eea2897453a8a77653f96606d67c"

brace-expansion@^1.0.0:
  version "1.1.6"
  resolved "https://registry.yarnpkg.com/brace-expansion/-/brace-expansion-1.1.6.tgz#7197d7eaa9b87e648390ea61fc66c84427420df9"
  dependencies:
    balanced-match "^0.4.1"
    concat-map "0.0.1"

bson@~1.0.4:
  version "1.0.4"
  resolved "https://registry.yarnpkg.com/bson/-/bson-1.0.4.tgz#93c10d39eaa5b58415cbc4052f3e53e562b0b72c"

buffer-shims@^1.0.0:
  version "1.0.0"
  resolved "https://registry.yarnpkg.com/buffer-shims/-/buffer-shims-1.0.0.tgz#9978ce317388c649ad8793028c3477ef044a8b51"

buffer@4.9.1:
  version "4.9.1"
  resolved "https://registry.yarnpkg.com/buffer/-/buffer-4.9.1.tgz#6d1bb601b07a4efced97094132093027c95bc298"
  dependencies:
    base64-js "^1.0.2"
    ieee754 "^1.1.4"
    isarray "^1.0.0"

bunyan@^1.8.1, bunyan@^1.8.5:
  version "1.8.9"
  resolved "https://registry.yarnpkg.com/bunyan/-/bunyan-1.8.9.tgz#2c7c9d422ea64ee2465d52b4decd72de0657401a"
  optionalDependencies:
    dtrace-provider "~0.8"
    moment "^2.10.6"
    mv "~2"
    safe-json-stringify "~1"

chai@^3.5.0:
  version "3.5.0"
  resolved "https://registry.yarnpkg.com/chai/-/chai-3.5.0.tgz#4d02637b067fe958bdbfdd3a40ec56fef7373247"
  dependencies:
    assertion-error "^1.0.1"
    deep-eql "^0.1.3"
    type-detect "^1.0.0"

codependency@0.1.4:
  version "0.1.4"
  resolved "https://registry.yarnpkg.com/codependency/-/codependency-0.1.4.tgz#d1763ab7264bd70c91d9626e98862d3792bf8d4a"
  dependencies:
    semver "5.0.1"

concat-map@0.0.1:
  version "0.0.1"
  resolved "https://registry.yarnpkg.com/concat-map/-/concat-map-0.0.1.tgz#d8a96bd77fd68df7793a73036a3ba0d5405d477b"

config@^1.25.0:
  version "1.25.1"
  resolved "https://registry.yarnpkg.com/config/-/config-1.25.1.tgz#72ac51cde81e2c77c6b3b66d0130dae527a19c92"
  dependencies:
    json5 "0.4.0"

core-js@^2.1.0:
  version "2.4.1"
  resolved "https://registry.yarnpkg.com/core-js/-/core-js-2.4.1.tgz#4de911e667b0eae9124e34254b53aea6fc618d3e"

core-util-is@~1.0.0:
  version "1.0.2"
  resolved "https://registry.yarnpkg.com/core-util-is/-/core-util-is-1.0.2.tgz#b5fd54220aa2bc5ab57aab7140c940754503c1a7"

crypto-browserify@1.0.9:
  version "1.0.9"
  resolved "https://registry.yarnpkg.com/crypto-browserify/-/crypto-browserify-1.0.9.tgz#cc5449685dfb85eb11c9828acc7cb87ab5bbfcc0"

debug@2, debug@^2.6.0:
  version "2.6.3"
  resolved "https://registry.yarnpkg.com/debug/-/debug-2.6.3.tgz#0f7eb8c30965ec08c72accfa0130c8b79984141d"
  dependencies:
    ms "0.7.2"

deep-eql@^0.1.3:
  version "0.1.3"
  resolved "https://registry.yarnpkg.com/deep-eql/-/deep-eql-0.1.3.tgz#ef558acab8de25206cd713906d74e56930eb69f2"
  dependencies:
    type-detect "0.1.1"

diff@^3.1.0:
  version "3.2.0"
  resolved "https://registry.yarnpkg.com/diff/-/diff-3.2.0.tgz#c9ce393a4b7cbd0b058a725c93df299027868ff9"

dtrace-provider@~0.8:
  version "0.8.1"
  resolved "https://registry.yarnpkg.com/dtrace-provider/-/dtrace-provider-0.8.1.tgz#cd4d174a233bea1bcf4a1fbfa5798f44f48cda9f"
  dependencies:
    nan "^2.3.3"

es6-promise@3.2.1:
  version "3.2.1"
  resolved "https://registry.yarnpkg.com/es6-promise/-/es6-promise-3.2.1.tgz#ec56233868032909207170c39448e24449dd1fc4"

esprima@^3.1.1:
  version "3.1.3"
  resolved "https://registry.yarnpkg.com/esprima/-/esprima-3.1.3.tgz#fdca51cee6133895e3c88d535ce49dbff62a4633"

extend@3, extend@~3.0.0:
  version "3.0.0"
  resolved "https://registry.yarnpkg.com/extend/-/extend-3.0.0.tgz#5a474353b9f3353ddd8176dfd37b91c83a46f1d4"

formatio@1.2.0:
  version "1.2.0"
  resolved "https://registry.yarnpkg.com/formatio/-/formatio-1.2.0.tgz#f3b2167d9068c4698a8d51f4f760a39a54d818eb"
  dependencies:
    samsam "1.x"

glob@^6.0.1:
  version "6.0.4"
  resolved "https://registry.yarnpkg.com/glob/-/glob-6.0.4.tgz#0f08860f6a155127b2fadd4f9ce24b1aab6e4d22"
  dependencies:
    inflight "^1.0.4"
    inherits "2"
    minimatch "2 || 3"
    once "^1.3.0"
    path-is-absolute "^1.0.0"

https-proxy-agent@^1.0.0:
  version "1.0.0"
  resolved "https://registry.yarnpkg.com/https-proxy-agent/-/https-proxy-agent-1.0.0.tgz#35f7da6c48ce4ddbfa264891ac593ee5ff8671e6"
  dependencies:
    agent-base "2"
    debug "2"
    extend "3"

ieee754@^1.1.4:
  version "1.1.8"
  resolved "https://registry.yarnpkg.com/ieee754/-/ieee754-1.1.8.tgz#be33d40ac10ef1926701f6f08a2d86fbfd1ad3e4"

inflight@^1.0.4:
  version "1.0.6"
  resolved "https://registry.yarnpkg.com/inflight/-/inflight-1.0.6.tgz#49bd6331d7d02d0c09bc910a1075ba8165b56df9"
  dependencies:
    once "^1.3.0"
    wrappy "1"

"infrastructure-logging-lib@git+ssh://git@github.com:Placester/Infrastructure-Logging-Lib.git#2.1.1":
  version "2.1.1"
  resolved "git+ssh://git@github.com/Placester/Infrastructure-Logging-Lib.git#d63011e3a628c324a9124e9434465b63d6676295"
  dependencies:
    bluebird "^3.4.7"
    bunyan "^1.8.5"
    debug "^2.6.0"
    kinesis "^1.2.2"
    le_node "^1.7.0"
    lodash "^4.17.4"
    uuid "^3.0.1"

"infrastructure-node-cloudservices-lib@git+ssh://git@github.com:Placester/Infrastructure-Node-CloudServices-Lib.git#0.0.7":
  version "0.0.7"
  resolved "git+ssh://git@github.com/Placester/Infrastructure-Node-CloudServices-Lib.git#2aa915313428e1aedd598d1e6f3cab820b3760bf"
  dependencies:
    "@types/async" "^2.0.34"
    "@types/lodash" "^4.14.41"
    async "^2.1.4"
    aws-sdk "^2.7.0"
    bluebird "^3.4.6"
    lodash "^4.17.2"

"infrastructure-node-dbutils@git+ssh://git@github.com:Placester/Infrastructure-Node-DbUtils.git#0.0.2":
  version "0.0.2"
  resolved "git+ssh://git@github.com/Placester/Infrastructure-Node-DbUtils.git#6014c2e6693a64a4209ec704526ae3975364e02a"
  dependencies:
    bluebird "^3.4.6"

"infrastructure-nodeaspect-lib@git+ssh://git@github.com:Placester/Infrastructure-NodeAspect-Lib.git#1.0.2":
  version "1.0.2"
  resolved "git+ssh://git@github.com/Placester/Infrastructure-NodeAspect-Lib.git#e71ecea461f47693aa35e23d48c7cec27af727af"
  dependencies:
    bluebird "^3.4.6"
    meld "^1.3.2"

inherits@2, inherits@~2.0.1:
  version "2.0.3"
  resolved "https://registry.yarnpkg.com/inherits/-/inherits-2.0.3.tgz#633c2c83e3da42a502f52466022480f4208261de"

isarray@0.0.1:
  version "0.0.1"
  resolved "https://registry.yarnpkg.com/isarray/-/isarray-0.0.1.tgz#8a18acfca9a8f4177e09abfc6038939b05d1eedf"

isarray@^1.0.0, isarray@~1.0.0:
  version "1.0.0"
  resolved "https://registry.yarnpkg.com/isarray/-/isarray-1.0.0.tgz#bb935d48582cba168c06834957a54a3e07124f11"

jmespath@0.15.0:
  version "0.15.0"
  resolved "https://registry.yarnpkg.com/jmespath/-/jmespath-0.15.0.tgz#a3f222a9aae9f966f5d27c796510e28091764217"

js-yaml@^3.7.0:
  version "3.8.2"
  resolved "https://registry.yarnpkg.com/js-yaml/-/js-yaml-3.8.2.tgz#02d3e2c0f6beab20248d412c352203827d786721"
  dependencies:
    argparse "^1.0.7"
    esprima "^3.1.1"

json-stringify-safe@5.0.1:
  version "5.0.1"
  resolved "https://registry.yarnpkg.com/json-stringify-safe/-/json-stringify-safe-5.0.1.tgz#1296a2d58fd45f19a0f6ce01d65701e2c735b6eb"

json5@0.4.0:
  version "0.4.0"
  resolved "https://registry.yarnpkg.com/json5/-/json5-0.4.0.tgz#054352e4c4c80c86c0923877d449de176a732c8d"

kinesis@^1.2.2:
  version "1.2.2"
  resolved "https://registry.yarnpkg.com/kinesis/-/kinesis-1.2.2.tgz#618556136bb5cde82f2b6fea4ca653fddeb80c37"
  dependencies:
    async "^0.9.0"
    aws4 "^0.3.0"
    awscred "^1.0.3"
    lru-cache "^2.5.0"
    once "^1.3.1"

le_node@^1.7.0:
  version "1.7.0"
  resolved "https://registry.yarnpkg.com/le_node/-/le_node-1.7.0.tgz#104e634cb4f0be5fd7060348837def6133a8b297"
  dependencies:
    babel-runtime "6.6.1"
    codependency "0.1.4"
    json-stringify-safe "5.0.1"
    lodash "3.9.3"
    reconnect-core "1.3.0"
    semver "5.1.0"

lodash@3.9.3:
  version "3.9.3"
  resolved "https://registry.yarnpkg.com/lodash/-/lodash-3.9.3.tgz#0159e86832feffc6d61d852b12a953b99496bd32"

lodash@^4.14.0, lodash@^4.16.2, lodash@^4.17.2, lodash@^4.17.4:
  version "4.17.4"
  resolved "https://registry.yarnpkg.com/lodash/-/lodash-4.17.4.tgz#78203a4d1c328ae1d86dca6460e369b57f4055ae"

lodash@~3.5.0:
  version "3.5.0"
  resolved "https://registry.yarnpkg.com/lodash/-/lodash-3.5.0.tgz#19bb3f4d51278f0b8c818ed145c74ecf9fe40e6d"

lolex@^1.6.0:
  version "1.6.0"
  resolved "https://registry.yarnpkg.com/lolex/-/lolex-1.6.0.tgz#3a9a0283452a47d7439e72731b9e07d7386e49f6"

lru-cache@^2.5.0:
  version "2.7.3"
  resolved "https://registry.yarnpkg.com/lru-cache/-/lru-cache-2.7.3.tgz#6d4524e8b955f95d4f5b58851ce21dd72fb4e952"

lru-cache@~2.3.1:
  version "2.3.1"
  resolved "https://registry.yarnpkg.com/lru-cache/-/lru-cache-2.3.1.tgz#b3adf6b3d856e954e2c390e6cef22081245a53d6"

meld@^1.3.2:
  version "1.3.2"
  resolved "https://registry.yarnpkg.com/meld/-/meld-1.3.2.tgz#8c3235fb5001b8796f8768818e9e4563b0de8066"

"minimatch@2 || 3":
  version "3.0.3"
  resolved "https://registry.yarnpkg.com/minimatch/-/minimatch-3.0.3.tgz#2a4e4090b96b2db06a9d7df01055a62a77c9b774"
  dependencies:
    brace-expansion "^1.0.0"

minimist@0.0.8:
  version "0.0.8"
  resolved "https://registry.yarnpkg.com/minimist/-/minimist-0.0.8.tgz#857fcabfc3397d2625b8228262e86aa7a011b05d"

mkdirp@~0.5.1:
  version "0.5.1"
  resolved "https://registry.yarnpkg.com/mkdirp/-/mkdirp-0.5.1.tgz#30057438eac6cf7f8c4767f38648d6697d75c903"
  dependencies:
    minimist "0.0.8"

moment@^2.10.6, moment@^2.15.2:
  version "2.18.1"
  resolved "https://registry.yarnpkg.com/moment/-/moment-2.18.1.tgz#c36193dd3ce1c2eed2adb7c802dbbc77a81b1c0f"

mongodb-core@2.1.9:
  version "2.1.9"
  resolved "https://registry.yarnpkg.com/mongodb-core/-/mongodb-core-2.1.9.tgz#85aa71ee4fb716196e06b787557bf139f801daf5"
  dependencies:
    bson "~1.0.4"
    require_optional "~1.0.0"

mongodb@^2.2.22:
  version "2.2.25"
  resolved "https://registry.yarnpkg.com/mongodb/-/mongodb-2.2.25.tgz#d3b25dad00eda2bdfcbc996210ba082ac686a6b6"
  dependencies:
    es6-promise "3.2.1"
    mongodb-core "2.1.9"
    readable-stream "2.1.5"

ms@0.7.2:
  version "0.7.2"
  resolved "https://registry.yarnpkg.com/ms/-/ms-0.7.2.tgz#ae25cf2512b3885a1d95d7f037868d8431124765"

mv@~2:
  version "2.1.1"
  resolved "https://registry.yarnpkg.com/mv/-/mv-2.1.1.tgz#ae6ce0d6f6d5e0a4f7d893798d03c1ea9559b6a2"
  dependencies:
    mkdirp "~0.5.1"
    ncp "~2.0.0"
    rimraf "~2.4.0"

nan@^2.3.3:
  version "2.5.1"
  resolved "https://registry.yarnpkg.com/nan/-/nan-2.5.1.tgz#d5b01691253326a97a2bbee9e61c55d8d60351e2"

native-promise-only@^0.8.1:
  version "0.8.1"
  resolved "https://registry.yarnpkg.com/native-promise-only/-/native-promise-only-0.8.1.tgz#20a318c30cb45f71fe7adfbf7b21c99c1472ef11"

ncp@~2.0.0:
  version "2.0.0"
  resolved "https://registry.yarnpkg.com/ncp/-/ncp-2.0.0.tgz#195a21d6c46e361d2fb1281ba38b91e9df7bdbb3"

node-aws-lambda@^0.1.8:
  version "0.1.8"
  resolved "https://registry.yarnpkg.com/node-aws-lambda/-/node-aws-lambda-0.1.8.tgz#fbdcfa6b1231aee083b07fca7233d81e1b14666f"
  dependencies:
    async "^1.0.0"
    aws-sdk "2.x.x"
    https-proxy-agent "^1.0.0"

once@^1.3.0, once@^1.3.1:
  version "1.4.0"
  resolved "https://registry.yarnpkg.com/once/-/once-1.4.0.tgz#583b1aa775961d4b113ac17d9c50baef9dd76bd1"
  dependencies:
    wrappy "1"

path-is-absolute@^1.0.0:
  version "1.0.1"
  resolved "https://registry.yarnpkg.com/path-is-absolute/-/path-is-absolute-1.0.1.tgz#174b9268735534ffbc7ace6bf53a5a9e1b5c5f5f"

path-to-regexp@^1.7.0:
  version "1.7.0"
  resolved "https://registry.yarnpkg.com/path-to-regexp/-/path-to-regexp-1.7.0.tgz#59fde0f435badacba103a84e9d3bc64e96b9937d"
  dependencies:
    isarray "0.0.1"

precond@0.2:
  version "0.2.3"
  resolved "https://registry.yarnpkg.com/precond/-/precond-0.2.3.tgz#aa9591bcaa24923f1e0f4849d240f47efc1075ac"

process-nextick-args@~1.0.6:
  version "1.0.7"
  resolved "https://registry.yarnpkg.com/process-nextick-args/-/process-nextick-args-1.0.7.tgz#150e20b756590ad3f91093f25a4f2ad8bff30ba3"

punycode@1.3.2:
  version "1.3.2"
  resolved "https://registry.yarnpkg.com/punycode/-/punycode-1.3.2.tgz#9653a036fb7c1ee42342f2325cceefea3926c48d"

querystring@0.2.0:
  version "0.2.0"
  resolved "https://registry.yarnpkg.com/querystring/-/querystring-0.2.0.tgz#b209849203bb25df820da756e747005878521620"

readable-stream@2.1.5:
  version "2.1.5"
  resolved "https://registry.yarnpkg.com/readable-stream/-/readable-stream-2.1.5.tgz#66fa8b720e1438b364681f2ad1a63c618448c9d0"
  dependencies:
    buffer-shims "^1.0.0"
    core-util-is "~1.0.0"
    inherits "~2.0.1"
    isarray "~1.0.0"
    process-nextick-args "~1.0.6"
    string_decoder "~0.10.x"
    util-deprecate "~1.0.1"

reconnect-core@1.3.0:
  version "1.3.0"
  resolved "https://registry.yarnpkg.com/reconnect-core/-/reconnect-core-1.3.0.tgz#fbae52919a7877d844e3246d01a2f26701c833c8"
  dependencies:
    backoff "~2.5.0"

require_optional@~1.0.0:
  version "1.0.0"
  resolved "https://registry.yarnpkg.com/require_optional/-/require_optional-1.0.0.tgz#52a86137a849728eb60a55533617f8f914f59abf"
  dependencies:
    resolve-from "^2.0.0"
    semver "^5.1.0"

resolve-from@^2.0.0:
  version "2.0.0"
  resolved "https://registry.yarnpkg.com/resolve-from/-/resolve-from-2.0.0.tgz#9480ab20e94ffa1d9e80a804c7ea147611966b57"

rimraf@~2.4.0:
  version "2.4.5"
  resolved "https://registry.yarnpkg.com/rimraf/-/rimraf-2.4.5.tgz#ee710ce5d93a8fdb856fb5ea8ff0e2d75934b2da"
  dependencies:
    glob "^6.0.1"

rx@^4.1.0:
  version "4.1.0"
  resolved "https://registry.yarnpkg.com/rx/-/rx-4.1.0.tgz#a5f13ff79ef3b740fe30aa803fb09f98805d4782"

safe-json-stringify@~1:
  version "1.0.4"
  resolved "https://registry.yarnpkg.com/safe-json-stringify/-/safe-json-stringify-1.0.4.tgz#81a098f447e4bbc3ff3312a243521bc060ef5911"

samsam@1.x, samsam@^1.1.3:
  version "1.2.1"
  resolved "https://registry.yarnpkg.com/samsam/-/samsam-1.2.1.tgz#edd39093a3184370cb859243b2bdf255e7d8ea67"

sax@1.1.5, sax@>=0.6.0:
  version "1.1.5"
  resolved "https://registry.yarnpkg.com/sax/-/sax-1.1.5.tgz#1da50a8d00cdecd59405659f5ff85349fe773743"

semver@5.0.1, semver@~5.0.1:
  version "5.0.1"
  resolved "https://registry.yarnpkg.com/semver/-/semver-5.0.1.tgz#9fb3f4004f900d83c47968fe42f7583e05832cc9"

semver@5.1.0, semver@^5.1.0:
  version "5.1.0"
  resolved "https://registry.yarnpkg.com/semver/-/semver-5.1.0.tgz#85f2cf8550465c4df000cf7d86f6b054106ab9e5"

sinon-chai@^2.9.0:
  version "2.9.0"
  resolved "https://registry.yarnpkg.com/sinon-chai/-/sinon-chai-2.9.0.tgz#34d820042bc9661a14527130d401eb462c49bb84"

sinon@^2.1.0:
  version "2.1.0"
  resolved "https://registry.yarnpkg.com/sinon/-/sinon-2.1.0.tgz#e057a9d2bf1b32f5d6dd62628ca9ee3961b0cafb"
  dependencies:
    diff "^3.1.0"
    formatio "1.2.0"
    lolex "^1.6.0"
    native-promise-only "^0.8.1"
    path-to-regexp "^1.7.0"
    samsam "^1.1.3"
    text-encoding "0.6.4"
    type-detect "^4.0.0"

sprintf-js@~1.0.2:
  version "1.0.3"
  resolved "https://registry.yarnpkg.com/sprintf-js/-/sprintf-js-1.0.3.tgz#04e6926f662895354f3dd015203633b857297e2c"

string_decoder@~0.10.x:
  version "0.10.31"
  resolved "https://registry.yarnpkg.com/string_decoder/-/string_decoder-0.10.31.tgz#62e203bc41766c6c28c9fc84301dab1c5310fa94"

text-encoding@0.6.4:
  version "0.6.4"
  resolved "https://registry.yarnpkg.com/text-encoding/-/text-encoding-0.6.4.tgz#e399a982257a276dae428bb92845cb71bdc26d19"

tslib@^1.5.0:
  version "1.6.0"
  resolved "https://registry.yarnpkg.com/tslib/-/tslib-1.6.0.tgz#cf36c93e02ae86a20fc131eae511162b869a6652"

type-detect@0.1.1:
  version "0.1.1"
  resolved "https://registry.yarnpkg.com/type-detect/-/type-detect-0.1.1.tgz#0ba5ec2a885640e470ea4e8505971900dac58822"

type-detect@^1.0.0:
  version "1.0.0"
  resolved "https://registry.yarnpkg.com/type-detect/-/type-detect-1.0.0.tgz#762217cc06db258ec48908a1298e8b95121e8ea2"

type-detect@^4.0.0:
  version "4.0.0"
  resolved "https://registry.yarnpkg.com/type-detect/-/type-detect-4.0.0.tgz#62053883542a321f2f7b25746dc696478b18ff6b"

url@0.10.3:
  version "0.10.3"
  resolved "https://registry.yarnpkg.com/url/-/url-0.10.3.tgz#021e4d9c7705f21bbf37d03ceb58767402774c64"
  dependencies:
    punycode "1.3.2"
    querystring "0.2.0"

util-deprecate@~1.0.1:
  version "1.0.2"
  resolved "https://registry.yarnpkg.com/util-deprecate/-/util-deprecate-1.0.2.tgz#450d4dc9fa70de732762fbd2d4a28981419a0ccf"

uuid@3.0.0:
  version "3.0.0"
  resolved "https://registry.yarnpkg.com/uuid/-/uuid-3.0.0.tgz#6728fc0459c450d796a99c31837569bdf672d728"

uuid@^3.0.1:
  version "3.0.1"
  resolved "https://registry.yarnpkg.com/uuid/-/uuid-3.0.1.tgz#6544bba2dfda8c1cf17e629a3a305e2bb1fee6c1"

wrappy@1:
  version "1.0.2"
  resolved "https://registry.yarnpkg.com/wrappy/-/wrappy-1.0.2.tgz#b5243d8f3ec1aa35f1364605bc0d1036e30ab69f"

xml2js@0.4.15:
  version "0.4.15"
  resolved "https://registry.yarnpkg.com/xml2js/-/xml2js-0.4.15.tgz#95cd03ff2dd144ec28bc6273bf2b2890c581ad0c"
  dependencies:
    sax ">=0.6.0"
    xmlbuilder ">=2.4.6"

xmlbuilder@2.6.2, xmlbuilder@>=2.4.6:
  version "2.6.2"
  resolved "https://registry.yarnpkg.com/xmlbuilder/-/xmlbuilder-2.6.2.tgz#f916f6d10d45dc171b1be2e6e673fb6e0cc35d0a"
  dependencies:
    lodash "~3.5.0"
